
Microsoft Visual Studio Solution File, Format Version 12.00
# Visual Studio 15
Project("{FAE04EC0-301F-11D3-BF4B-00C04F79EFBC}") = "Assembly-CSharp", "Assembly-CSharp.csproj", "{523545C1-FB48-85A3-7042-04B4CEF3E13A}"
EndProject
Global
	GlobalSection(SolutionConfigurationPlatforms) = preSolution
		Debug|Any CPU = Debug|Any CPU
		Release|Any CPU = Release|Any CPU
	EndGlobalSection
	GlobalSection(ProjectConfigurationPlatforms) = postSolution
		{523545C1-FB48-85A3-7042-04B4CEF3E13A}.Debug|Any CPU.ActiveCfg = Debug|Any CPU
		{523545C1-FB48-85A3-7042-04B4CEF3E13A}.Debug|Any CPU.Build.0 = Debug|Any CPU
		{523545C1-FB48-85A3-7042-04B4CEF3E13A}.Release|Any CPU.ActiveCfg = Release|Any CPU
		{523545C1-FB48-85A3-7042-04B4CEF3E13A}.Release|Any CPU.Build.0 = Release|Any CPU
	EndGlobalSection
	GlobalSection(SolutionProperties) = preSolution
		HideSolutionNode = FALSE
	EndGlobalSection
EndGlobal
